
Microsoft Visual Studio Solution File, Format Version 12.00
# Visual Studio Version 17
VisualStudioVersion = 17.7.34221.43
MinimumVisualStudioVersion = 10.0.40219.1
Project("{FAE04EC0-301F-11D3-BF4B-00C04F79EFBC}") = "levelDataManager", "levelDataManager\levelDataManager.csproj", "{E0136776-A028-43E4-BB63-F79C31F7F742}"
EndProject
Global
	GlobalSection(SolutionConfigurationPlatforms) = preSolution
		Debug|Any CPU = Debug|Any CPU
		Release|Any CPU = Release|Any CPU
	EndGlobalSection
	GlobalSection(ProjectConfigurationPlatforms) = postSolution
		{E0136776-A028-43E4-BB63-F79C31F7F742}.Debug|Any CPU.ActiveCfg = Debug|Any CPU
		{E0136776-A028-43E4-BB63-F79C31F7F742}.Debug|Any CPU.Build.0 = Debug|Any CPU
		{E0136776-A028-43E4-BB63-F79C31F7F742}.Release|Any CPU.ActiveCfg = Release|Any CPU
		{E0136776-A028-43E4-BB63-F79C31F7F742}.Release|Any CPU.Build.0 = Release|Any CPU
	EndGlobalSection
	GlobalSection(SolutionProperties) = preSolution
		HideSolutionNode = FALSE
	EndGlobalSection
	GlobalSection(ExtensibilityGlobals) = postSolution
		SolutionGuid = {6205D86C-4B9B-487A-966D-7BA5534FF513}
	EndGlobalSection
EndGlobal
